// !$*UTF8*$!
{
	archiveVersion = 1;
	classes = {
	};
	objectVersion = 50;
	objects = {

/* Begin PBXBuildFile section */
		2A9CC5F8259A24B600C42A51 /* AppDelegate.swift in Sources */ = {isa = PBXBuildFile; fileRef = 2A9CC5F7259A24B600C42A51 /* AppDelegate.swift */; };
		2A9CC5FA259A24B600C42A51 /* SceneDelegate.swift in Sources */ = {isa = PBXBuildFile; fileRef = 2A9CC5F9259A24B600C42A51 /* SceneDelegate.swift */; };
		2A9CC5FC259A24B600C42A51 /* ViewController.swift in Sources */ = {isa = PBXBuildFile; fileRef = 2A9CC5FB259A24B600C42A51 /* ViewController.swift */; };
		2A9CC5FF259A24B600C42A51 /* Main.storyboard in Resources */ = {isa = PBXBuildFile; fileRef = 2A9CC5FD259A24B600C42A51 /* Main.storyboard */; };
		2A9CC601259A24B700C42A51 /* Assets.xcassets in Resources */ = {isa = PBXBuildFile; fileRef = 2A9CC600259A24B700C42A51 /* Assets.xcassets */; };
		2A9CC604259A24B700C42A51 /* LaunchScreen.storyboard in Resources */ = {isa = PBXBuildFile; fileRef = 2A9CC602259A24B700C42A51 /* LaunchScreen.storyboard */; };
		2A9CC60D259A459900C42A51 /* UIImage.swift in Sources */ = {isa = PBXBuildFile; fileRef = 2A9CC60C259A459900C42A51 /* UIImage.swift */; };
/* End PBXBuildFile section */

/* Begin PBXFileReference section */
		2A9CC5F4259A24B600C42A51 /* Camera Test.app */ = {isa = PBXFileReference; explicitFileType = wrapper.application; includeInIndex = 0; path = "Camera Test.app"; sourceTree = BUILT_PRODUCTS_DIR; };
		2A9CC5F7259A24B600C42A51 /* AppDelegate.swift */ = {isa = PBXFileReference; lastKnownFileType = sourcecode.swift; path = AppDelegate.swift; sourceTree = "<group>"; };
		2A9CC5F9259A24B600C42A51 /* SceneDelegate.swift */ = {isa = PBXFileReference; lastKnownFileType = sourcecode.swift; path = SceneDelegate.swift; sourceTree = "<group>"; };
		2A9CC5FB259A24B600C42A51 /* ViewController.swift */ = {isa = PBXFileReference; lastKnownFileType = sourcecode.swift; path = ViewController.swift; sourceTree = "<group>"; };
		2A9CC5FE259A24B600C42A51 /* Base */ = {isa = PBXFileReference; lastKnownFileType = file.storyboard; name = Base; path = Base.lproj/Main.storyboard; sourceTree = "<group>"; };
		2A9CC600259A24B700C42A51 /* Assets.xcassets */ = {isa = PBXFileReference; lastKnownFileType = folder.assetcatalog; path = Assets.xcassets; sourceTree = "<group>"; };
		2A9CC603259A24B700C42A51 /* Base */ = {isa = PBXFileReference; lastKnownFileType = file.storyboard; name = Base; path = Base.lproj/LaunchScreen.storyboard; sourceTree = "<group>"; };
		2A9CC605259A24B700C42A51 /* Info.plist */ = {isa = PBXFileReference; lastKnownFileType = text.plist.xml; path = Info.plist; sourceTree = "<group>"; };
		2A9CC60C259A459900C42A51 /* UIImage.swift */ = {isa = PBXFileReference; lastKnownFileType = sourcecode.swift; path = UIImage.swift; sourceTree = "<group>"; };
/* End PBXFileReference section */

/* Begin PBXFrameworksBuildPhase section */
		2A9CC5F1259A24B600C42A51 /* Frameworks */ = {
			isa = PBXFrameworksBuildPhase;
			buildActionMask = 2147483647;
			files = (
			);
			runOnlyForDeploymentPostprocessing = 0;
		};
/* End PBXFrameworksBuildPhase section */

/* Begin PBXGroup section */
		2A29C490259B7BAF00A1C96D /* Extensions */ = {
			isa = PBXGroup;
			children = (
				2A9CC60C259A459900C42A51 /* UIImage.swift */,
			);
			path = Extensions;
			sourceTree = "<group>";
		};
		2A9CC5EB259A24B600C42A51 = {
			isa = PBXGroup;
			children = (
				2A9CC5F6259A24B600C42A51 /* Camera Test */,
				2A9CC5F5259A24B600C42A51 /* Products */,
			);
			sourceTree = "<group>";
		};
		2A9CC5F5259A24B600C42A51 /* Products */ = {
			isa = PBXGroup;
			children = (
				2A9CC5F4259A24B600C42A51 /* Camera Test.app */,
			);
			name = Products;
			sourceTree = "<group>";
		};
		2A9CC5F6259A24B600C42A51 /* Camera Test */ = {
			isa = PBXGroup;
			children = (
				2A29C490259B7BAF00A1C96D /* Extensions */,
				2A9CC5F7259A24B600C42A51 /* AppDelegate.swift */,
				2A9CC5F9259A24B600C42A51 /* SceneDelegate.swift */,
				2A9CC5FB259A24B600C42A51 /* ViewController.swift */,
				2A9CC5FD259A24B600C42A51 /* Main.storyboard */,
				2A9CC600259A24B700C42A51 /* Assets.xcassets */,
				2A9CC602259A24B700C42A51 /* LaunchScreen.storyboard */,
				2A9CC605259A24B700C42A51 /* Info.plist */,
			);
			path = "Camera Test";
			sourceTree = "<group>";
		};
/* End PBXGroup section */

/* Begin PBXNativeTarget section */
		2A9CC5F3259A24B600C42A51 /* Camera Test */ = {
			isa = PBXNativeTarget;
			buildConfigurationList = 2A9CC608259A24B700C42A51 /* Build configuration list for PBXNativeTarget "Camera Test" */;
			buildPhases = (
				2A9CC5F0259A24B600C42A51 /* Sources */,
				2A9CC5F1259A24B600C42A51 /* Frameworks */,
				2A9CC5F2259A24B600C42A51 /* Resources */,
			);
			buildRules = (
			);
			dependencies = (
			);
			name = "Camera Test";
			productName = "Camera Test";
			productReference = 2A9CC5F4259A24B600C42A51 /* Camera Test.app */;
			productType = "com.apple.product-type.application";
		};
/* End PBXNativeTarget section */

/* Begin PBXProject section */
		2A9CC5EC259A24B600C42A51 /* Project object */ = {
			isa = PBXProject;
			attributes = {
				LastSwiftUpdateCheck = 1230;
				LastUpgradeCheck = 1230;
				TargetAttributes = {
					2A9CC5F3259A24B600C42A51 = {
						CreatedOnToolsVersion = 12.3;
					};
				};
			};
			buildConfigurationList = 2A9CC5EF259A24B600C42A51 /* Build configuration list for PBXProject "Camera Test" */;
			compatibilityVersion = "Xcode 9.3";
			developmentRegion = en;
			hasScannedForEncodings = 0;
			knownRegions = (
				en,
				Base,
			);
			mainGroup = 2A9CC5EB259A24B600C42A51;
			productRefGroup = 2A9CC5F5259A24B600C42A51 /* Products */;
			projectDirPath = "";
			projectRoot = "";
			targets = (
				2A9CC5F3259A24B600C42A51 /* Camera Test */,
			);
		};
/* End PBXProject section */

/* Begin PBXResourcesBuildPhase section */
		2A9CC5F2259A24B600C42A51 /* Resources */ = {
			isa = PBXResourcesBuildPhase;
			buildActionMask = 2147483647;
			files = (
				2A9CC604259A24B700C42A51 /* LaunchScreen.storyboard in Resources */,
				2A9CC601259A24B700C42A51 /* Assets.xcassets in Resources */,
				2A9CC5FF259A24B600C42A51 /* Main.storyboard in Resources */,
			);
			runOnlyForDeploymentPostprocessing = 0;
		};
/* End PBXResourcesBuildPhase section */

/* Begin PBXSourcesBuildPhase section */
		2A9CC5F0259A24B600C42A51 /* Sources */ = {
			isa = PBXSourcesBuildPhase;
			buildActionMask = 2147483647;
			files = (
				2A9CC5FC259A24B600C42A51 /* ViewController.swift in Sources */,
				2A9CC60D259A459900C42A51 /* UIImage.swift in Sources */,
				2A9CC5F8259A24B600C42A51 /* AppDelegate.swift in Sources */,
				2A9CC5FA259A24B600C42A51 /* SceneDelegate.swift in Sources */,
			);
			runOnlyForDeploymentPostprocessing = 0;
		};
/* End PBXSourcesBuildPhase section */

/* Begin PBXVariantGroup section */
		2A9CC5FD259A24B600C42A51 /* Main.storyboard */ = {
			isa = PBXVariantGroup;
			children = (
				2A9CC5FE259A24B600C42A51 /* Base */,
			);
			name = Main.storyboard;
			sourceTree = "<group>";
		};
		2A9CC602259A24B700C42A51 /* LaunchScreen.storyboard */ = {
			isa = PBXVariantGroup;
			children = (
				2A9CC603259A24B700C42A51 /* Base */,
			);
			name = LaunchScreen.storyboard;
			sourceTree = "<group>";
		};
/* End PBXVariantGroup section */

/* Begin XCBuildConfiguration section */
		2A9CC606259A24B700C42A51 /* Debug */ = {
			isa = XCBuildConfiguration;
			buildSettings = {
				ALWAYS_SEARCH_USER_PATHS = NO;
				CLANG_ANALYZER_NONNULL = YES;
				CLANG_ANALYZER_NUMBER_OBJECT_CONVERSION = YES_AGGRESSIVE;
				CLANG_CXX_LANGUAGE_STANDARD = "gnu++14";
				CLANG_CXX_LIBRARY = "libc++";
				CLANG_ENABLE_MODULES = YES;
				CLANG_ENABLE_OBJC_ARC = YES;
				CLANG_ENABLE_OBJC_WEAK = YES;
				CLANG_WARN_BLOCK_CAPTURE_AUTORELEASING = YES;
				CLANG_WARN_BOOL_CONVERSION = YES;
				CLANG_WARN_COMMA = YES;
				CLANG_WARN_CONSTANT_CONVERSION = YES;
				CLANG_WARN_DEPRECATED_OBJC_IMPLEMENTATIONS = YES;
				CLANG_WARN_DIRECT_OBJC_ISA_USAGE = YES_ERROR;
				CLANG_WARN_DOCUMENTATION_COMMENTS = YES;
				CLANG_WARN_EMPTY_BODY = YES;
				CLANG_WARN_ENUM_CONVERSION = YES;
				CLANG_WARN_INFINITE_RECURSION = YES;
				CLANG_WARN_INT_CONVERSION = YES;
				CLANG_WARN_NON_LITERAL_NULL_CONVERSION = YES;
				CLANG_WARN_OBJC_IMPLICIT_RETAIN_SELF = YES;
				CLANG_WARN_OBJC_LITERAL_CONVERSION = YES;
				CLANG_WARN_OBJC_ROOT_CLASS = YES_ERROR;
				CLANG_WARN_QUOTED_INCLUDE_IN_FRAMEWORK_HEADER = YES;
				CLANG_WARN_RANGE_LOOP_ANALYSIS = YES;
				CLANG_WARN_STRICT_PROTOTYPES = YES;
				CLANG_WARN_SUSPICIOUS_MOVE = YES;
				CLANG_WARN_UNGUARDED_AVAILABILITY = YES_AGGRESSIVE;
				CLANG_WARN_UNREACHABLE_CODE = YES;
				CLANG_WARN__DUPLICATE_METHOD_MATCH = YES;
				COPY_PHASE_STRIP = NO;
				DEBUG_INFORMATION_FORMAT = dwarf;
				ENABLE_STRICT_OBJC_MSGSEND = YES;
				ENABLE_TESTABILITY = YES;
				GCC_C_LANGUAGE_STANDARD = gnu11;
				GCC_DYNAMIC_NO_PIC = NO;
				GCC_NO_COMMON_BLOCKS = YES;
				GCC_OPTIMIZATION_LEVEL = 0;
				GCC_PREPROCESSOR_DEFINITIONS = (
					"DEBUG=1",
					"$(inherited)",
				);
				GCC_WARN_64_TO_32_BIT_CONVERSION = YES;
				GCC_WARN_ABOUT_RETURN_TYPE = YES_ERROR;
				GCC_WARN_UNDECLARED_SELECTOR = YES;
				GCC_WARN_UNINITIALIZED_AUTOS = YES_AGGRESSIVE;
				GCC_WARN_UNUSED_FUNCTION = YES;
				GCC_WARN_UNUSED_VARIABLE = YES;
				IPHONEOS_DEPLOYMENT_TARGET = 14.3;
				MTL_ENABLE_DEBUG_INFO = INCLUDE_SOURCE;
				MTL_FAST_MATH = YES;
				ONLY_ACTIVE_ARCH = YES;
				SDKROOT = iphoneos;
				SWIFT_ACTIVE_COMPILATION_CONDITIONS = DEBUG;
				SWIFT_OPTIMIZATION_LEVEL = "-Onone";
			};
			name = Debug;
		};
		2A9CC607259A24B700C42A51 /* Release */ = {
			isa = XCBuildConfiguration;
			buildSettings = {
				ALWAYS_SEARCH_USER_PATHS = NO;
				CLANG_ANALYZER_NONNULL = YES;
				CLANG_ANALYZER_NUMBER_OBJECT_CONVERSION = YES_AGGRESSIVE;
				CLANG_CXX_LANGUAGE_STANDARD = "gnu++14";
				CLANG_CXX_LIBRARY = "libc++";
				CLANG_ENABLE_MODULES = YES;
				CLANG_ENABLE_OBJC_ARC = YES;
				CLANG_ENABLE_OBJC_WEAK = YES;
				CLANG_WARN_BLOCK_CAPTURE_AUTORELEASING = YES;
				CLANG_WARN_BOOL_CONVERSION = YES;
				CLANG_WARN_COMMA = YES;
				CLANG_WARN_CONSTANT_CONVERSION = YES;
				CLANG_WARN_DEPRECATED_OBJC_IMPLEMENTATIONS = YES;
				CLANG_WARN_DIRECT_OBJC_ISA_USAGE = YES_ERROR;
				CLANG_WARN_DOCUMENTATION_COMMENTS = YES;
				CLANG_WARN_EMPTY_BODY = YES;
				CLANG_WARN_ENUM_CONVERSION = YES;
				CLANG_WARN_INFINITE_RECURSION = YES;
				CLANG_WARN_INT_CONVERSION = YES;
				CLANG_WARN_NON_LITERAL_NULL_CONVERSION = YES;
				CLANG_WARN_OBJC_IMPLICIT_RETAIN_SELF = YES;
				CLANG_WARN_OBJC_LITERAL_CONVERSION = YES;
				CLANG_WARN_OBJC_ROOT_CLASS = YES_ERROR;
				CLANG_WARN_QUOTED_INCLUDE_IN_FRAMEWORK_HEADER = YES;
				CLANG_WARN_RANGE_LOOP_ANALYSIS = YES;
				CLANG_WARN_STRICT_PROTOTYPES = YES;
				CLANG_WARN_SUSPICIOUS_MOVE = YES;
				CLANG_WARN_UNGUARDED_AVAILABILITY = YES_AGGRESSIVE;
				CLANG_WARN_UNREACHABLE_CODE = YES;
				CLANG_WARN__DUPLICATE_METHOD_MATCH = YES;
				COPY_PHASE_STRIP = NO;
				DEBUG_INFORMATION_FORMAT = "dwarf-with-dsym";
				ENABLE_NS_ASSERTIONS = NO;
				ENABLE_STRICT_OBJC_MSGSEND = YES;
				GCC_C_LANGUAGE_STANDARD = gnu11;
				GCC_NO_COMMON_BLOCKS = YES;
				GCC_WARN_64_TO_32_BIT_CONVERSION = YES;
				GCC_WARN_ABOUT_RETURN_TYPE = YES_ERROR;
				GCC_WARN_UNDECLARED_SELECTOR = YES;
				GCC_WARN_UNINITIALIZED_AUTOS = YES_AGGRESSIVE;
				GCC_WARN_UNUSED_FUNCTION = YES;
				GCC_WARN_UNUSED_VARIABLE = YES;
				IPHONEOS_DEPLOYMENT_TARGET = 14.3;
				MTL_ENABLE_DEBUG_INFO = NO;
				MTL_FAST_MATH = YES;
				SDKROOT = iphoneos;
				SWIFT_COMPILATION_MODE = wholemodule;
				SWIFT_OPTIMIZATION_LEVEL = "-O";
				VALIDATE_PRODUCT = YES;
			};
			name = Release;
		};
		2A9CC609259A24B700C42A51 /* Debug */ = {
			isa = XCBuildConfiguration;
			buildSettings = {
				ASSETCATALOG_COMPILER_APPICON_NAME = AppIcon;
				ASSETCATALOG_COMPILER_GLOBAL_ACCENT_COLOR_NAME = AccentColor;
				CODE_SIGN_STYLE = Automatic;
				DEVELOPMENT_TEAM = Z593JBH9TX;
				INFOPLIST_FILE = "Camera Test/Info.plist";
				LD_RUNPATH_SEARCH_PATHS = (
					"$(inherited)",
					"@executable_path/Frameworks",
				);
				PRODUCT_BUNDLE_IDENTIFIER = "com.Ryoga.Camera-Test";
				PRODUCT_NAME = "$(TARGET_NAME)";
				SWIFT_VERSION = 5.0;
				TARGETED_DEVICE_FAMILY = "1,2";
			};
			name = Debug;
		};
		2A9CC60A259A24B700C42A51 /* Release */ = {
			isa = XCBuildConfiguration;
			buildSettings = {
				ASSETCATALOG_COMPILER_APPICON_NAME = AppIcon;
				ASSETCATALOG_COMPILER_GLOBAL_ACCENT_COLOR_NAME = AccentColor;
				CODE_SIGN_STYLE = Automatic;
				DEVELOPMENT_TEAM = Z593JBH9TX;
				INFOPLIST_FILE = "Camera Test/Info.plist";
				LD_RUNPATH_SEARCH_PATHS = (
					"$(inherited)",
					"@executable_path/Frameworks",
				);
				PRODUCT_BUNDLE_IDENTIFIER = "com.Ryoga.Camera-Test";
				PRODUCT_NAME = "$(TARGET_NAME)";
				SWIFT_VERSION = 5.0;
				TARGETED_DEVICE_FAMILY = "1,2";
			};
			name = Release;
		};
/* End XCBuildConfiguration section */

/* Begin XCConfigurationList section */
		2A9CC5EF259A24B600C42A51 /* Build configuration list for PBXProject "Camera Test" */ = {
			isa = XCConfigurationList;
			buildConfigurations = (
				2A9CC606259A24B700C42A51 /* Debug */,
				2A9CC607259A24B700C42A51 /* Release */,
			);
			defaultConfigurationIsVisible = 0;
			defaultConfigurationName = Release;
		};
		2A9CC608259A24B700C42A51 /* Build configuration list for PBXNativeTarget "Camera Test" */ = {
			isa = XCConfigurationList;
			buildConfigurations = (
				2A9CC609259A24B700C42A51 /* Debug */,
				2A9CC60A259A24B700C42A51 /* Release */,
			);
			defaultConfigurationIsVisible = 0;
			defaultConfigurationName = Release;
		};
/* End XCConfigurationList section */
	};
	rootObject = 2A9CC5EC259A24B600C42A51 /* Project object */;
}
